
Microsoft Visual Studio Solution File, Format Version 12.00
# Visual Studio 15
VisualStudioVersion = 15.0.27703.2026
MinimumVisualStudioVersion = 10.0.40219.1
Project("{FAE04EC0-301F-11D3-BF4B-00C04F79EFBC}") = "Function1", "Function1\Function1.csproj", "{3DBEE835-FF5A-4639-81CB-B5A88B2DB2C0}"
EndProject
Global
	GlobalSection(SolutionConfigurationPlatforms) = preSolution
		Debug|Any CPU = Debug|Any CPU
		Release|Any CPU = Release|Any CPU
	EndGlobalSection
	GlobalSection(ProjectConfigurationPlatforms) = postSolution
		{3DBEE835-FF5A-4639-81CB-B5A88B2DB2C0}.Debug|Any CPU.ActiveCfg = Debug|Any CPU
		{3DBEE835-FF5A-4639-81CB-B5A88B2DB2C0}.Debug|Any CPU.Build.0 = Debug|Any CPU
		{3DBEE835-FF5A-4639-81CB-B5A88B2DB2C0}.Release|Any CPU.ActiveCfg = Release|Any CPU
		{3DBEE835-FF5A-4639-81CB-B5A88B2DB2C0}.Release|Any CPU.Build.0 = Release|Any CPU
	EndGlobalSection
	GlobalSection(SolutionProperties) = preSolution
		HideSolutionNode = FALSE
	EndGlobalSection
	GlobalSection(ExtensibilityGlobals) = postSolution
		SolutionGuid = {941CCC7F-E02B-49D0-973B-91D6F08E5C5E}
	EndGlobalSection
EndGlobal
